# generated by rye
# use `rye lock` or `rye sync` to update this lockfile
#
# last locked with the following flags:
#   pre: false
#   features: []
#   all-features: false
#   with-sources: false

-e file:.
annotated-types==0.6.0
    # via pydantic
greenlet==3.0.3
    # via sqlalchemy
ijson==3.2.3
    # via crossref-db
orjson==3.10.3
    # via crossref-db
psycopg2-binary==2.9.9
    # via crossref-db
pydantic==2.7.1
    # via sqlmodel
pydantic-core==2.18.2
    # via pydantic
sqlalchemy==2.0.30
    # via sqlmodel
sqlmodel==0.0.18
    # via crossref-db
tqdm==4.66.4
    # via crossref-db
typing-extensions==4.11.0
    # via pydantic
    # via pydantic-core
    # via sqlalchemy
